// !$*UTF8*$!
{
	archiveVersion = 1;
	classes = {
	};
	objectVersion = 46;
	objects = {

/* Begin PBXBuildFile section */
		6E617E2D5FDBE254484F8C22 /* libPods-ZHDemo.a in Frameworks */ = {isa = PBXBuildFile; fileRef = A162B23C1105BF5F4F678811 /* libPods-ZHDemo.a */; };
		E26B52AB1F41872900CB6CD0 /* CircleLoadingViewController.m in Sources */ = {isa = PBXBuildFile; fileRef = E26B52AA1F41872900CB6CD0 /* CircleLoadingViewController.m */; };
		E26EC0281F4535B000DB43F9 /* ZHSliderMenu.m in Sources */ = {isa = PBXBuildFile; fileRef = E26EC0271F4535B000DB43F9 /* ZHSliderMenu.m */; };
		E275713B1F46D40300598FFF /* demo.jpeg in Resources */ = {isa = PBXBuildFile; fileRef = E275713A1F46D40300598FFF /* demo.jpeg */; };
		E275713E1F46D5AC00598FFF /* ImitateTwitterViewController.m in Sources */ = {isa = PBXBuildFile; fileRef = E275713D1F46D5AC00598FFF /* ImitateTwitterViewController.m */; };
		E27571401F46D89600598FFF /* timg.jpeg in Resources */ = {isa = PBXBuildFile; fileRef = E275713F1F46D89600598FFF /* timg.jpeg */; };
		E27571421F46DA7700598FFF /* logo.png in Resources */ = {isa = PBXBuildFile; fileRef = E27571411F46DA7700598FFF /* logo.png */; };
		E2774AF21F1F3C6B0090177A /* main.m in Sources */ = {isa = PBXBuildFile; fileRef = E2774AF11F1F3C6B0090177A /* main.m */; };
		E2774AF51F1F3C6B0090177A /* AppDelegate.m in Sources */ = {isa = PBXBuildFile; fileRef = E2774AF41F1F3C6B0090177A /* AppDelegate.m */; };
		E2774AF81F1F3C6B0090177A /* ViewController.m in Sources */ = {isa = PBXBuildFile; fileRef = E2774AF71F1F3C6B0090177A /* ViewController.m */; };
		E2774AFB1F1F3C6B0090177A /* Main.storyboard in Resources */ = {isa = PBXBuildFile; fileRef = E2774AF91F1F3C6B0090177A /* Main.storyboard */; };
		E2774AFD1F1F3C6B0090177A /* Assets.xcassets in Resources */ = {isa = PBXBuildFile; fileRef = E2774AFC1F1F3C6B0090177A /* Assets.xcassets */; };
		E2774B001F1F3C6B0090177A /* LaunchScreen.storyboard in Resources */ = {isa = PBXBuildFile; fileRef = E2774AFE1F1F3C6B0090177A /* LaunchScreen.storyboard */; };
		E2774B0B1F1F3C6B0090177A /* ZHDemoTests.m in Sources */ = {isa = PBXBuildFile; fileRef = E2774B0A1F1F3C6B0090177A /* ZHDemoTests.m */; };
		E2774B161F1F3C6B0090177A /* ZHDemoUITests.m in Sources */ = {isa = PBXBuildFile; fileRef = E2774B151F1F3C6B0090177A /* ZHDemoUITests.m */; };
		E27B8D8F1F442E4A009A82ED /* ZHAnimatedPageControl.m in Sources */ = {isa = PBXBuildFile; fileRef = E27B8D8E1F442E4A009A82ED /* ZHAnimatedPageControl.m */; };
		E2954C321F4286E200A6D443 /* CircleLoadingView.m in Sources */ = {isa = PBXBuildFile; fileRef = E2954C311F4286E200A6D443 /* CircleLoadingView.m */; };
/* End PBXBuildFile section */

/* Begin PBXContainerItemProxy section */
		E2774B071F1F3C6B0090177A /* PBXContainerItemProxy */ = {
			isa = PBXContainerItemProxy;
			containerPortal = E2774AE51F1F3C6B0090177A /* Project object */;
			proxyType = 1;
			remoteGlobalIDString = E2774AEC1F1F3C6B0090177A;
			remoteInfo = ZHDemo;
		};
		E2774B121F1F3C6B0090177A /* PBXContainerItemProxy */ = {
			isa = PBXContainerItemProxy;
			containerPortal = E2774AE51F1F3C6B0090177A /* Project object */;
			proxyType = 1;
			remoteGlobalIDString = E2774AEC1F1F3C6B0090177A;
			remoteInfo = ZHDemo;
		};
/* End PBXContainerItemProxy section */

/* Begin PBXFileReference section */
		1B4B0C61F3876CEB2E0C378E /* Pods-ZHDemo.debug.xcconfig */ = {isa = PBXFileReference; includeInIndex = 1; lastKnownFileType = text.xcconfig; name = "Pods-ZHDemo.debug.xcconfig"; path = "Pods/Target Support Files/Pods-ZHDemo/Pods-ZHDemo.debug.xcconfig"; sourceTree = "<group>"; };
		A162B23C1105BF5F4F678811 /* libPods-ZHDemo.a */ = {isa = PBXFileReference; explicitFileType = archive.ar; includeInIndex = 0; path = "libPods-ZHDemo.a"; sourceTree = BUILT_PRODUCTS_DIR; };
		BE9A91AAED3E0D323A1B2C63 /* Pods-ZHDemo.release.xcconfig */ = {isa = PBXFileReference; includeInIndex = 1; lastKnownFileType = text.xcconfig; name = "Pods-ZHDemo.release.xcconfig"; path = "Pods/Target Support Files/Pods-ZHDemo/Pods-ZHDemo.release.xcconfig"; sourceTree = "<group>"; };
		E26B52A91F41872900CB6CD0 /* CircleLoadingViewController.h */ = {isa = PBXFileReference; fileEncoding = 4; lastKnownFileType = sourcecode.c.h; path = CircleLoadingViewController.h; sourceTree = "<group>"; };
		E26B52AA1F41872900CB6CD0 /* CircleLoadingViewController.m */ = {isa = PBXFileReference; fileEncoding = 4; lastKnownFileType = sourcecode.c.objc; path = CircleLoadingViewController.m; sourceTree = "<group>"; };
		E26EC0261F4535B000DB43F9 /* ZHSliderMenu.h */ = {isa = PBXFileReference; fileEncoding = 4; lastKnownFileType = sourcecode.c.h; path = ZHSliderMenu.h; sourceTree = "<group>"; };
		E26EC0271F4535B000DB43F9 /* ZHSliderMenu.m */ = {isa = PBXFileReference; fileEncoding = 4; lastKnownFileType = sourcecode.c.objc; path = ZHSliderMenu.m; sourceTree = "<group>"; };
		E275713A1F46D40300598FFF /* demo.jpeg */ = {isa = PBXFileReference; lastKnownFileType = image.jpeg; path = demo.jpeg; sourceTree = "<group>"; };
		E275713C1F46D5AC00598FFF /* ImitateTwitterViewController.h */ = {isa = PBXFileReference; fileEncoding = 4; lastKnownFileType = sourcecode.c.h; path = ImitateTwitterViewController.h; sourceTree = "<group>"; };
		E275713D1F46D5AC00598FFF /* ImitateTwitterViewController.m */ = {isa = PBXFileReference; fileEncoding = 4; lastKnownFileType = sourcecode.c.objc; path = ImitateTwitterViewController.m; sourceTree = "<group>"; };
		E275713F1F46D89600598FFF /* timg.jpeg */ = {isa = PBXFileReference; lastKnownFileType = image.jpeg; path = timg.jpeg; sourceTree = "<group>"; };
		E27571411F46DA7700598FFF /* logo.png */ = {isa = PBXFileReference; lastKnownFileType = image.png; path = logo.png; sourceTree = "<group>"; };
		E2774AED1F1F3C6B0090177A /* ZHDemo.app */ = {isa = PBXFileReference; explicitFileType = wrapper.application; includeInIndex = 0; path = ZHDemo.app; sourceTree = BUILT_PRODUCTS_DIR; };
		E2774AF11F1F3C6B0090177A /* main.m */ = {isa = PBXFileReference; lastKnownFileType = sourcecode.c.objc; path = main.m; sourceTree = "<group>"; };
		E2774AF31F1F3C6B0090177A /* AppDelegate.h */ = {isa = PBXFileReference; lastKnownFileType = sourcecode.c.h; path = AppDelegate.h; sourceTree = "<group>"; };
		E2774AF41F1F3C6B0090177A /* AppDelegate.m */ = {isa = PBXFileReference; lastKnownFileType = sourcecode.c.objc; path = AppDelegate.m; sourceTree = "<group>"; };
		E2774AF61F1F3C6B0090177A /* ViewController.h */ = {isa = PBXFileReference; lastKnownFileType = sourcecode.c.h; path = ViewController.h; sourceTree = "<group>"; };
		E2774AF71F1F3C6B0090177A /* ViewController.m */ = {isa = PBXFileReference; lastKnownFileType = sourcecode.c.objc; path = ViewController.m; sourceTree = "<group>"; };
		E2774AFA1F1F3C6B0090177A /* Base */ = {isa = PBXFileReference; lastKnownFileType = file.storyboard; name = Base; path = Base.lproj/Main.storyboard; sourceTree = "<group>"; };
		E2774AFC1F1F3C6B0090177A /* Assets.xcassets */ = {isa = PBXFileReference; lastKnownFileType = folder.assetcatalog; path = Assets.xcassets; sourceTree = "<group>"; };
		E2774AFF1F1F3C6B0090177A /* Base */ = {isa = PBXFileReference; lastKnownFileType = file.storyboard; name = Base; path = Base.lproj/LaunchScreen.storyboard; sourceTree = "<group>"; };
		E2774B011F1F3C6B0090177A /* Info.plist */ = {isa = PBXFileReference; lastKnownFileType = text.plist.xml; path = Info.plist; sourceTree = "<group>"; };
		E2774B061F1F3C6B0090177A /* ZHDemoTests.xctest */ = {isa = PBXFileReference; explicitFileType = wrapper.cfbundle; includeInIndex = 0; path = ZHDemoTests.xctest; sourceTree = BUILT_PRODUCTS_DIR; };
		E2774B0A1F1F3C6B0090177A /* ZHDemoTests.m */ = {isa = PBXFileReference; lastKnownFileType = sourcecode.c.objc; path = ZHDemoTests.m; sourceTree = "<group>"; };
		E2774B0C1F1F3C6B0090177A /* Info.plist */ = {isa = PBXFileReference; lastKnownFileType = text.plist.xml; path = Info.plist; sourceTree = "<group>"; };
		E2774B111F1F3C6B0090177A /* ZHDemoUITests.xctest */ = {isa = PBXFileReference; explicitFileType = wrapper.cfbundle; includeInIndex = 0; path = ZHDemoUITests.xctest; sourceTree = BUILT_PRODUCTS_DIR; };
		E2774B151F1F3C6B0090177A /* ZHDemoUITests.m */ = {isa = PBXFileReference; lastKnownFileType = sourcecode.c.objc; path = ZHDemoUITests.m; sourceTree = "<group>"; };
		E2774B171F1F3C6B0090177A /* Info.plist */ = {isa = PBXFileReference; lastKnownFileType = text.plist.xml; path = Info.plist; sourceTree = "<group>"; };
		E27B8D8D1F442E4A009A82ED /* ZHAnimatedPageControl.h */ = {isa = PBXFileReference; fileEncoding = 4; lastKnownFileType = sourcecode.c.h; path = ZHAnimatedPageControl.h; sourceTree = "<group>"; };
		E27B8D8E1F442E4A009A82ED /* ZHAnimatedPageControl.m */ = {isa = PBXFileReference; fileEncoding = 4; lastKnownFileType = sourcecode.c.objc; path = ZHAnimatedPageControl.m; sourceTree = "<group>"; };
		E2954C301F4286E200A6D443 /* CircleLoadingView.h */ = {isa = PBXFileReference; fileEncoding = 4; lastKnownFileType = sourcecode.c.h; path = CircleLoadingView.h; sourceTree = "<group>"; };
		E2954C311F4286E200A6D443 /* CircleLoadingView.m */ = {isa = PBXFileReference; fileEncoding = 4; lastKnownFileType = sourcecode.c.objc; path = CircleLoadingView.m; sourceTree = "<group>"; };
		E2954C341F42DD3D00A6D443 /* constSet.pch */ = {isa = PBXFileReference; fileEncoding = 4; lastKnownFileType = sourcecode.c.h; path = constSet.pch; sourceTree = "<group>"; };
/* End PBXFileReference section */

/* Begin PBXFrameworksBuildPhase section */
		E2774AEA1F1F3C6B0090177A /* Frameworks */ = {
			isa = PBXFrameworksBuildPhase;
			buildActionMask = 2147483647;
			files = (
				6E617E2D5FDBE254484F8C22 /* libPods-ZHDemo.a in Frameworks */,
			);
			runOnlyForDeploymentPostprocessing = 0;
		};
		E2774B031F1F3C6B0090177A /* Frameworks */ = {
			isa = PBXFrameworksBuildPhase;
			buildActionMask = 2147483647;
			files = (
			);
			runOnlyForDeploymentPostprocessing = 0;
		};
		E2774B0E1F1F3C6B0090177A /* Frameworks */ = {
			isa = PBXFrameworksBuildPhase;
			buildActionMask = 2147483647;
			files = (
			);
			runOnlyForDeploymentPostprocessing = 0;
		};
/* End PBXFrameworksBuildPhase section */

/* Begin PBXGroup section */
		3C931D267FB55E553D553DD8 /* Pods */ = {
			isa = PBXGroup;
			children = (
				1B4B0C61F3876CEB2E0C378E /* Pods-ZHDemo.debug.xcconfig */,
				BE9A91AAED3E0D323A1B2C63 /* Pods-ZHDemo.release.xcconfig */,
			);
			name = Pods;
			sourceTree = "<group>";
		};
		E26B52A71F4186EC00CB6CD0 /* ViewController */ = {
			isa = PBXGroup;
			children = (
				E26B52A91F41872900CB6CD0 /* CircleLoadingViewController.h */,
				E26B52AA1F41872900CB6CD0 /* CircleLoadingViewController.m */,
				E275713C1F46D5AC00598FFF /* ImitateTwitterViewController.h */,
				E275713D1F46D5AC00598FFF /* ImitateTwitterViewController.m */,
			);
			path = ViewController;
			sourceTree = "<group>";
		};
		E26B52A81F4186F800CB6CD0 /* View */ = {
			isa = PBXGroup;
			children = (
				E2954C301F4286E200A6D443 /* CircleLoadingView.h */,
				E2954C311F4286E200A6D443 /* CircleLoadingView.m */,
				E27B8D8D1F442E4A009A82ED /* ZHAnimatedPageControl.h */,
				E27B8D8E1F442E4A009A82ED /* ZHAnimatedPageControl.m */,
				E26EC0261F4535B000DB43F9 /* ZHSliderMenu.h */,
				E26EC0271F4535B000DB43F9 /* ZHSliderMenu.m */,
			);
			path = View;
			sourceTree = "<group>";
		};
		E2774AE41F1F3C6B0090177A = {
			isa = PBXGroup;
			children = (
				E2774AEF1F1F3C6B0090177A /* ZHDemo */,
				E2774B091F1F3C6B0090177A /* ZHDemoTests */,
				E2774B141F1F3C6B0090177A /* ZHDemoUITests */,
				E2774AEE1F1F3C6B0090177A /* Products */,
				3C931D267FB55E553D553DD8 /* Pods */,
				E5AFC1C17205903957A6E4F3 /* Frameworks */,
			);
			sourceTree = "<group>";
		};
		E2774AEE1F1F3C6B0090177A /* Products */ = {
			isa = PBXGroup;
			children = (
				E2774AED1F1F3C6B0090177A /* ZHDemo.app */,
				E2774B061F1F3C6B0090177A /* ZHDemoTests.xctest */,
				E2774B111F1F3C6B0090177A /* ZHDemoUITests.xctest */,
			);
			name = Products;
			sourceTree = "<group>";
		};
		E2774AEF1F1F3C6B0090177A /* ZHDemo */ = {
			isa = PBXGroup;
			children = (
				E26B52A71F4186EC00CB6CD0 /* ViewController */,
				E26B52A81F4186F800CB6CD0 /* View */,
				E2954C331F42DD1400A6D443 /* PchFile */,
				E2774AF31F1F3C6B0090177A /* AppDelegate.h */,
				E2774AF41F1F3C6B0090177A /* AppDelegate.m */,
				E2774AF61F1F3C6B0090177A /* ViewController.h */,
				E2774AF71F1F3C6B0090177A /* ViewController.m */,
				E2774AF91F1F3C6B0090177A /* Main.storyboard */,
				E2774AFC1F1F3C6B0090177A /* Assets.xcassets */,
				E2774AFE1F1F3C6B0090177A /* LaunchScreen.storyboard */,
				E2774B011F1F3C6B0090177A /* Info.plist */,
				E2774AF01F1F3C6B0090177A /* Supporting Files */,
			);
			path = ZHDemo;
			sourceTree = "<group>";
		};
		E2774AF01F1F3C6B0090177A /* Supporting Files */ = {
			isa = PBXGroup;
			children = (
				E27571411F46DA7700598FFF /* logo.png */,
				E275713F1F46D89600598FFF /* timg.jpeg */,
				E275713A1F46D40300598FFF /* demo.jpeg */,
				E2774AF11F1F3C6B0090177A /* main.m */,
			);
			name = "Supporting Files";
			sourceTree = "<group>";
		};
		E2774B091F1F3C6B0090177A /* ZHDemoTests */ = {
			isa = PBXGroup;
			children = (
				E2774B0A1F1F3C6B0090177A /* ZHDemoTests.m */,
				E2774B0C1F1F3C6B0090177A /* Info.plist */,
			);
			path = ZHDemoTests;
			sourceTree = "<group>";
		};
		E2774B141F1F3C6B0090177A /* ZHDemoUITests */ = {
			isa = PBXGroup;
			children = (
				E2774B151F1F3C6B0090177A /* ZHDemoUITests.m */,
				E2774B171F1F3C6B0090177A /* Info.plist */,
			);
			path = ZHDemoUITests;
			sourceTree = "<group>";
		};
		E2954C331F42DD1400A6D443 /* PchFile */ = {
			isa = PBXGroup;
			children = (
				E2954C341F42DD3D00A6D443 /* constSet.pch */,
			);
			path = PchFile;
			sourceTree = "<group>";
		};
		E5AFC1C17205903957A6E4F3 /* Frameworks */ = {
			isa = PBXGroup;
			children = (
				A162B23C1105BF5F4F678811 /* libPods-ZHDemo.a */,
			);
			name = Frameworks;
			sourceTree = "<group>";
		};
/* End PBXGroup section */

/* Begin PBXNativeTarget section */
		E2774AEC1F1F3C6B0090177A /* ZHDemo */ = {
			isa = PBXNativeTarget;
			buildConfigurationList = E2774B1A1F1F3C6B0090177A /* Build configuration list for PBXNativeTarget "ZHDemo" */;
			buildPhases = (
				FDBE2A2D67DE25238761B4B3 /* [CP] Check Pods Manifest.lock */,
				E2774AE91F1F3C6B0090177A /* Sources */,
				E2774AEA1F1F3C6B0090177A /* Frameworks */,
				E2774AEB1F1F3C6B0090177A /* Resources */,
				9055A7F5032EB9CCC5AC5D58 /* [CP] Embed Pods Frameworks */,
				E090A28769F7CA64AE93020D /* [CP] Copy Pods Resources */,
			);
			buildRules = (
			);
			dependencies = (
			);
			name = ZHDemo;
			productName = ZHDemo;
			productReference = E2774AED1F1F3C6B0090177A /* ZHDemo.app */;
			productType = "com.apple.product-type.application";
		};
		E2774B051F1F3C6B0090177A /* ZHDemoTests */ = {
			isa = PBXNativeTarget;
			buildConfigurationList = E2774B1D1F1F3C6B0090177A /* Build configuration list for PBXNativeTarget "ZHDemoTests" */;
			buildPhases = (
				E2774B021F1F3C6B0090177A /* Sources */,
				E2774B031F1F3C6B0090177A /* Frameworks */,
				E2774B041F1F3C6B0090177A /* Resources */,
			);
			buildRules = (
			);
			dependencies = (
				E2774B081F1F3C6B0090177A /* PBXTargetDependency */,
			);
			name = ZHDemoTests;
			productName = ZHDemoTests;
			productReference = E2774B061F1F3C6B0090177A /* ZHDemoTests.xctest */;
			productType = "com.apple.product-type.bundle.unit-test";
		};
		E2774B101F1F3C6B0090177A /* ZHDemoUITests */ = {
			isa = PBXNativeTarget;
			buildConfigurationList = E2774B201F1F3C6B0090177A /* Build configuration list for PBXNativeTarget "ZHDemoUITests" */;
			buildPhases = (
				E2774B0D1F1F3C6B0090177A /* Sources */,
				E2774B0E1F1F3C6B0090177A /* Frameworks */,
				E2774B0F1F1F3C6B0090177A /* Resources */,
			);
			buildRules = (
			);
			dependencies = (
				E2774B131F1F3C6B0090177A /* PBXTargetDependency */,
			);
			name = ZHDemoUITests;
			productName = ZHDemoUITests;
			productReference = E2774B111F1F3C6B0090177A /* ZHDemoUITests.xctest */;
			productType = "com.apple.product-type.bundle.ui-testing";
		};
/* End PBXNativeTarget section */

/* Begin PBXProject section */
		E2774AE51F1F3C6B0090177A /* Project object */ = {
			isa = PBXProject;
			attributes = {
				LastUpgradeCheck = 0830;
				ORGANIZATIONNAME = ZhiHu;
				TargetAttributes = {
					E2774AEC1F1F3C6B0090177A = {
						CreatedOnToolsVersion = 8.3;
						DevelopmentTeam = K9H32G4K75;
						ProvisioningStyle = Automatic;
					};
					E2774B051F1F3C6B0090177A = {
						CreatedOnToolsVersion = 8.3;
						DevelopmentTeam = K9H32G4K75;
						ProvisioningStyle = Automatic;
						TestTargetID = E2774AEC1F1F3C6B0090177A;
					};
					E2774B101F1F3C6B0090177A = {
						CreatedOnToolsVersion = 8.3;
						DevelopmentTeam = K9H32G4K75;
						ProvisioningStyle = Automatic;
						TestTargetID = E2774AEC1F1F3C6B0090177A;
					};
				};
			};
			buildConfigurationList = E2774AE81F1F3C6B0090177A /* Build configuration list for PBXProject "ZHDemo" */;
			compatibilityVersion = "Xcode 3.2";
			developmentRegion = English;
			hasScannedForEncodings = 0;
			knownRegions = (
				en,
				Base,
			);
			mainGroup = E2774AE41F1F3C6B0090177A;
			productRefGroup = E2774AEE1F1F3C6B0090177A /* Products */;
			projectDirPath = "";
			projectRoot = "";
			targets = (
				E2774AEC1F1F3C6B0090177A /* ZHDemo */,
				E2774B051F1F3C6B0090177A /* ZHDemoTests */,
				E2774B101F1F3C6B0090177A /* ZHDemoUITests */,
			);
		};
/* End PBXProject section */

/* Begin PBXResourcesBuildPhase section */
		E2774AEB1F1F3C6B0090177A /* Resources */ = {
			isa = PBXResourcesBuildPhase;
			buildActionMask = 2147483647;
			files = (
				E27571401F46D89600598FFF /* timg.jpeg in Resources */,
				E2774B001F1F3C6B0090177A /* LaunchScreen.storyboard in Resources */,
				E27571421F46DA7700598FFF /* logo.png in Resources */,
				E2774AFD1F1F3C6B0090177A /* Assets.xcassets in Resources */,
				E275713B1F46D40300598FFF /* demo.jpeg in Resources */,
				E2774AFB1F1F3C6B0090177A /* Main.storyboard in Resources */,
			);
			runOnlyForDeploymentPostprocessing = 0;
		};
		E2774B041F1F3C6B0090177A /* Resources */ = {
			isa = PBXResourcesBuildPhase;
			buildActionMask = 2147483647;
			files = (
			);
			runOnlyForDeploymentPostprocessing = 0;
		};
		E2774B0F1F1F3C6B0090177A /* Resources */ = {
			isa = PBXResourcesBuildPhase;
			buildActionMask = 2147483647;
			files = (
			);
			runOnlyForDeploymentPostprocessing = 0;
		};
/* End PBXResourcesBuildPhase section */

/* Begin PBXShellScriptBuildPhase section */
		9055A7F5032EB9CCC5AC5D58 /* [CP] Embed Pods Frameworks */ = {
			isa = PBXShellScriptBuildPhase;
			buildActionMask = 2147483647;
			files = (
			);
			inputPaths = (
			);
			name = "[CP] Embed Pods Frameworks";
			outputPaths = (
			);
			runOnlyForDeploymentPostprocessing = 0;
			shellPath = /bin/sh;
			shellScript = "\"${SRCROOT}/Pods/Target Support Files/Pods-ZHDemo/Pods-ZHDemo-frameworks.sh\"\n";
			showEnvVarsInLog = 0;
		};
		E090A28769F7CA64AE93020D /* [CP] Copy Pods Resources */ = {
			isa = PBXShellScriptBuildPhase;
			buildActionMask = 2147483647;
			files = (
			);
			inputPaths = (
			);
			name = "[CP] Copy Pods Resources";
			outputPaths = (
			);
			runOnlyForDeploymentPostprocessing = 0;
			shellPath = /bin/sh;
			shellScript = "\"${SRCROOT}/Pods/Target Support Files/Pods-ZHDemo/Pods-ZHDemo-resources.sh\"\n";
			showEnvVarsInLog = 0;
		};
		FDBE2A2D67DE25238761B4B3 /* [CP] Check Pods Manifest.lock */ = {
			isa = PBXShellScriptBuildPhase;
			buildActionMask = 2147483647;
			files = (
			);
			inputPaths = (
			);
			name = "[CP] Check Pods Manifest.lock";
			outputPaths = (
			);
			runOnlyForDeploymentPostprocessing = 0;
			shellPath = /bin/sh;
			shellScript = "diff \"${PODS_ROOT}/../Podfile.lock\" \"${PODS_ROOT}/Manifest.lock\" > /dev/null\nif [[ $? != 0 ]] ; then\n    cat << EOM\nerror: The sandbox is not in sync with the Podfile.lock. Run 'pod install' or update your CocoaPods installation.\nEOM\n    exit 1\nfi\n";
			showEnvVarsInLog = 0;
		};
/* End PBXShellScriptBuildPhase section */

/* Begin PBXSourcesBuildPhase section */
		E2774AE91F1F3C6B0090177A /* Sources */ = {
			isa = PBXSourcesBuildPhase;
			buildActionMask = 2147483647;
			files = (
				E275713E1F46D5AC00598FFF /* ImitateTwitterViewController.m in Sources */,
				E2774AF81F1F3C6B0090177A /* ViewController.m in Sources */,
				E2954C321F4286E200A6D443 /* CircleLoadingView.m in Sources */,
				E26EC0281F4535B000DB43F9 /* ZHSliderMenu.m in Sources */,
				E2774AF51F1F3C6B0090177A /* AppDelegate.m in Sources */,
				E27B8D8F1F442E4A009A82ED /* ZHAnimatedPageControl.m in Sources */,
				E2774AF21F1F3C6B0090177A /* main.m in Sources */,
				E26B52AB1F41872900CB6CD0 /* CircleLoadingViewController.m in Sources */,
			);
			runOnlyForDeploymentPostprocessing = 0;
		};
		E2774B021F1F3C6B0090177A /* Sources */ = {
			isa = PBXSourcesBuildPhase;
			buildActionMask = 2147483647;
			files = (
				E2774B0B1F1F3C6B0090177A /* ZHDemoTests.m in Sources */,
			);
			runOnlyForDeploymentPostprocessing = 0;
		};
		E2774B0D1F1F3C6B0090177A /* Sources */ = {
			isa = PBXSourcesBuildPhase;
			buildActionMask = 2147483647;
			files = (
				E2774B161F1F3C6B0090177A /* ZHDemoUITests.m in Sources */,
			);
			runOnlyForDeploymentPostprocessing = 0;
		};
/* End PBXSourcesBuildPhase section */

/* Begin PBXTargetDependency section */
		E2774B081F1F3C6B0090177A /* PBXTargetDependency */ = {
			isa = PBXTargetDependency;
			target = E2774AEC1F1F3C6B0090177A /* ZHDemo */;
			targetProxy = E2774B071F1F3C6B0090177A /* PBXContainerItemProxy */;
		};
		E2774B131F1F3C6B0090177A /* PBXTargetDependency */ = {
			isa = PBXTargetDependency;
			target = E2774AEC1F1F3C6B0090177A /* ZHDemo */;
			targetProxy = E2774B121F1F3C6B0090177A /* PBXContainerItemProxy */;
		};
/* End PBXTargetDependency section */

/* Begin PBXVariantGroup section */
		E2774AF91F1F3C6B0090177A /* Main.storyboard */ = {
			isa = PBXVariantGroup;
			children = (
				E2774AFA1F1F3C6B0090177A /* Base */,
			);
			name = Main.storyboard;
			sourceTree = "<group>";
		};
		E2774AFE1F1F3C6B0090177A /* LaunchScreen.storyboard */ = {
			isa = PBXVariantGroup;
			children = (
				E2774AFF1F1F3C6B0090177A /* Base */,
			);
			name = LaunchScreen.storyboard;
			sourceTree = "<group>";
		};
/* End PBXVariantGroup section */

/* Begin XCBuildConfiguration section */
		E2774B181F1F3C6B0090177A /* Debug */ = {
			isa = XCBuildConfiguration;
			buildSettings = {
				ALWAYS_SEARCH_USER_PATHS = NO;
				CLANG_ANALYZER_NONNULL = YES;
				CLANG_ANALYZER_NUMBER_OBJECT_CONVERSION = YES_AGGRESSIVE;
				CLANG_CXX_LANGUAGE_STANDARD = "gnu++0x";
				CLANG_CXX_LIBRARY = "libc++";
				CLANG_ENABLE_MODULES = YES;
				CLANG_ENABLE_OBJC_ARC = YES;
				CLANG_WARN_BOOL_CONVERSION = YES;
				CLANG_WARN_CONSTANT_CONVERSION = YES;
				CLANG_WARN_DIRECT_OBJC_ISA_USAGE = YES_ERROR;
				CLANG_WARN_DOCUMENTATION_COMMENTS = YES;
				CLANG_WARN_EMPTY_BODY = YES;
				CLANG_WARN_ENUM_CONVERSION = YES;
				CLANG_WARN_INFINITE_RECURSION = YES;
				CLANG_WARN_INT_CONVERSION = YES;
				CLANG_WARN_OBJC_ROOT_CLASS = YES_ERROR;
				CLANG_WARN_SUSPICIOUS_MOVE = YES;
				CLANG_WARN_UNREACHABLE_CODE = YES;
				CLANG_WARN__DUPLICATE_METHOD_MATCH = YES;
				"CODE_SIGN_IDENTITY[sdk=iphoneos*]" = "iPhone Developer";
				COPY_PHASE_STRIP = NO;
				DEBUG_INFORMATION_FORMAT = dwarf;
				ENABLE_STRICT_OBJC_MSGSEND = YES;
				ENABLE_TESTABILITY = YES;
				GCC_C_LANGUAGE_STANDARD = gnu99;
				GCC_DYNAMIC_NO_PIC = NO;
				GCC_NO_COMMON_BLOCKS = YES;
				GCC_OPTIMIZATION_LEVEL = 0;
				GCC_PRECOMPILE_PREFIX_HEADER = YES;
				GCC_PREFIX_HEADER = "$(SRCROOT)/ZHDemo/PchFile/constSet.pch";
				GCC_PREPROCESSOR_DEFINITIONS = (
					"DEBUG=1",
					"$(inherited)",
				);
				GCC_WARN_64_TO_32_BIT_CONVERSION = YES;
				GCC_WARN_ABOUT_RETURN_TYPE = YES_ERROR;
				GCC_WARN_UNDECLARED_SELECTOR = YES;
				GCC_WARN_UNINITIALIZED_AUTOS = YES_AGGRESSIVE;
				GCC_WARN_UNUSED_FUNCTION = YES;
				GCC_WARN_UNUSED_VARIABLE = YES;
				IPHONEOS_DEPLOYMENT_TARGET = 10.3;
				MTL_ENABLE_DEBUG_INFO = YES;
				ONLY_ACTIVE_ARCH = YES;
				SDKROOT = iphoneos;
				TARGETED_DEVICE_FAMILY = "1,2";
			};
			name = Debug;
		};
		E2774B191F1F3C6B0090177A /* Release */ = {
			isa = XCBuildConfiguration;
			buildSettings = {
				ALWAYS_SEARCH_USER_PATHS = NO;
				CLANG_ANALYZER_NONNULL = YES;
				CLANG_ANALYZER_NUMBER_OBJECT_CONVERSION = YES_AGGRESSIVE;
				CLANG_CXX_LANGUAGE_STANDARD = "gnu++0x";
				CLANG_CXX_LIBRARY = "libc++";
				CLANG_ENABLE_MODULES = YES;
				CLANG_ENABLE_OBJC_ARC = YES;
				CLANG_WARN_BOOL_CONVERSION = YES;
				CLANG_WARN_CONSTANT_CONVERSION = YES;
				CLANG_WARN_DIRECT_OBJC_ISA_USAGE = YES_ERROR;
				CLANG_WARN_DOCUMENTATION_COMMENTS = YES;
				CLANG_WARN_EMPTY_BODY = YES;
				CLANG_WARN_ENUM_CONVERSION = YES;
				CLANG_WARN_INFINITE_RECURSION = YES;
				CLANG_WARN_INT_CONVERSION = YES;
				CLANG_WARN_OBJC_ROOT_CLASS = YES_ERROR;
				CLANG_WARN_SUSPICIOUS_MOVE = YES;
				CLANG_WARN_UNREACHABLE_CODE = YES;
				CLANG_WARN__DUPLICATE_METHOD_MATCH = YES;
				"CODE_SIGN_IDENTITY[sdk=iphoneos*]" = "iPhone Developer";
				COPY_PHASE_STRIP = NO;
				DEBUG_INFORMATION_FORMAT = "dwarf-with-dsym";
				ENABLE_NS_ASSERTIONS = NO;
				ENABLE_STRICT_OBJC_MSGSEND = YES;
				GCC_C_LANGUAGE_STANDARD = gnu99;
				GCC_NO_COMMON_BLOCKS = YES;
				GCC_PRECOMPILE_PREFIX_HEADER = YES;
				GCC_PREFIX_HEADER = "$(SRCROOT)/ZHDemo/PchFile/constSet.pch";
				GCC_WARN_64_TO_32_BIT_CONVERSION = YES;
				GCC_WARN_ABOUT_RETURN_TYPE = YES_ERROR;
				GCC_WARN_UNDECLARED_SELECTOR = YES;
				GCC_WARN_UNINITIALIZED_AUTOS = YES_AGGRESSIVE;
				GCC_WARN_UNUSED_FUNCTION = YES;
				GCC_WARN_UNUSED_VARIABLE = YES;
				IPHONEOS_DEPLOYMENT_TARGET = 10.3;
				MTL_ENABLE_DEBUG_INFO = NO;
				SDKROOT = iphoneos;
				TARGETED_DEVICE_FAMILY = "1,2";
				VALIDATE_PRODUCT = YES;
			};
			name = Release;
		};
		E2774B1B1F1F3C6B0090177A /* Debug */ = {
			isa = XCBuildConfiguration;
			baseConfigurationReference = 1B4B0C61F3876CEB2E0C378E /* Pods-ZHDemo.debug.xcconfig */;
			buildSettings = {
				ASSETCATALOG_COMPILER_APPICON_NAME = AppIcon;
				DEVELOPMENT_TEAM = K9H32G4K75;
				INFOPLIST_FILE = ZHDemo/Info.plist;
				IPHONEOS_DEPLOYMENT_TARGET = 8.0;
				LD_RUNPATH_SEARCH_PATHS = "$(inherited) @executable_path/Frameworks";
				PRODUCT_BUNDLE_IDENTIFIER = com.huzhi.demo;
				PRODUCT_NAME = "$(TARGET_NAME)";
			};
			name = Debug;
		};
		E2774B1C1F1F3C6B0090177A /* Release */ = {
			isa = XCBuildConfiguration;
			baseConfigurationReference = BE9A91AAED3E0D323A1B2C63 /* Pods-ZHDemo.release.xcconfig */;
			buildSettings = {
				ASSETCATALOG_COMPILER_APPICON_NAME = AppIcon;
				DEVELOPMENT_TEAM = K9H32G4K75;
				INFOPLIST_FILE = ZHDemo/Info.plist;
				IPHONEOS_DEPLOYMENT_TARGET = 8.0;
				LD_RUNPATH_SEARCH_PATHS = "$(inherited) @executable_path/Frameworks";
				PRODUCT_BUNDLE_IDENTIFIER = com.huzhi.demo;
				PRODUCT_NAME = "$(TARGET_NAME)";
			};
			name = Release;
		};
		E2774B1E1F1F3C6B0090177A /* Debug */ = {
			isa = XCBuildConfiguration;
			buildSettings = {
				BUNDLE_LOADER = "$(TEST_HOST)";
				DEVELOPMENT_TEAM = K9H32G4K75;
				INFOPLIST_FILE = ZHDemoTests/Info.plist;
				LD_RUNPATH_SEARCH_PATHS = "$(inherited) @executable_path/Frameworks @loader_path/Frameworks";
				PRODUCT_BUNDLE_IDENTIFIER = com.Zhihu.ZHDemoTests;
				PRODUCT_NAME = "$(TARGET_NAME)";
				TEST_HOST = "$(BUILT_PRODUCTS_DIR)/ZHDemo.app/ZHDemo";
			};
			name = Debug;
		};
		E2774B1F1F1F3C6B0090177A /* Release */ = {
			isa = XCBuildConfiguration;
			buildSettings = {
				BUNDLE_LOADER = "$(TEST_HOST)";
				DEVELOPMENT_TEAM = K9H32G4K75;
				INFOPLIST_FILE = ZHDemoTests/Info.plist;
				LD_RUNPATH_SEARCH_PATHS = "$(inherited) @executable_path/Frameworks @loader_path/Frameworks";
				PRODUCT_BUNDLE_IDENTIFIER = com.Zhihu.ZHDemoTests;
				PRODUCT_NAME = "$(TARGET_NAME)";
				TEST_HOST = "$(BUILT_PRODUCTS_DIR)/ZHDemo.app/ZHDemo";
			};
			name = Release;
		};
		E2774B211F1F3C6B0090177A /* Debug */ = {
			isa = XCBuildConfiguration;
			buildSettings = {
				DEVELOPMENT_TEAM = K9H32G4K75;
				INFOPLIST_FILE = ZHDemoUITests/Info.plist;
				LD_RUNPATH_SEARCH_PATHS = "$(inherited) @executable_path/Frameworks @loader_path/Frameworks";
				PRODUCT_BUNDLE_IDENTIFIER = com.Zhihu.ZHDemoUITests;
				PRODUCT_NAME = "$(TARGET_NAME)";
				TEST_TARGET_NAME = ZHDemo;
			};
			name = Debug;
		};
		E2774B221F1F3C6B0090177A /* Release */ = {
			isa = XCBuildConfiguration;
			buildSettings = {
				DEVELOPMENT_TEAM = K9H32G4K75;
				INFOPLIST_FILE = ZHDemoUITests/Info.plist;
				LD_RUNPATH_SEARCH_PATHS = "$(inherited) @executable_path/Frameworks @loader_path/Frameworks";
				PRODUCT_BUNDLE_IDENTIFIER = com.Zhihu.ZHDemoUITests;
				PRODUCT_NAME = "$(TARGET_NAME)";
				TEST_TARGET_NAME = ZHDemo;
			};
			name = Release;
		};
/* End XCBuildConfiguration section */

/* Begin XCConfigurationList section */
		E2774AE81F1F3C6B0090177A /* Build configuration list for PBXProject "ZHDemo" */ = {
			isa = XCConfigurationList;
			buildConfigurations = (
				E2774B181F1F3C6B0090177A /* Debug */,
				E2774B191F1F3C6B0090177A /* Release */,
			);
			defaultConfigurationIsVisible = 0;
			defaultConfigurationName = Release;
		};
		E2774B1A1F1F3C6B0090177A /* Build configuration list for PBXNativeTarget "ZHDemo" */ = {
			isa = XCConfigurationList;
			buildConfigurations = (
				E2774B1B1F1F3C6B0090177A /* Debug */,
				E2774B1C1F1F3C6B0090177A /* Release */,
			);
			defaultConfigurationIsVisible = 0;
			defaultConfigurationName = Release;
		};
		E2774B1D1F1F3C6B0090177A /* Build configuration list for PBXNativeTarget "ZHDemoTests" */ = {
			isa = XCConfigurationList;
			buildConfigurations = (
				E2774B1E1F1F3C6B0090177A /* Debug */,
				E2774B1F1F1F3C6B0090177A /* Release */,
			);
			defaultConfigurationIsVisible = 0;
			defaultConfigurationName = Release;
		};
		E2774B201F1F3C6B0090177A /* Build configuration list for PBXNativeTarget "ZHDemoUITests" */ = {
			isa = XCConfigurationList;
			buildConfigurations = (
				E2774B211F1F3C6B0090177A /* Debug */,
				E2774B221F1F3C6B0090177A /* Release */,
			);
			defaultConfigurationIsVisible = 0;
			defaultConfigurationName = Release;
		};
/* End XCConfigurationList section */
	};
	rootObject = E2774AE51F1F3C6B0090177A /* Project object */;
}
